
Microsoft Visual Studio Solution File, Format Version 12.00
# Visual Studio Version 17
VisualStudioVersion = 17.6.33723.286
MinimumVisualStudioVersion = 10.0.40219.1
Project("{FAE04EC0-301F-11D3-BF4B-00C04F79EFBC}") = "3задание", "3задание\3задание.csproj", "{44EA2D80-0C49-4448-99F5-A7E315D5805D}"
EndProject
Global
	GlobalSection(SolutionConfigurationPlatforms) = preSolution
		Debug|Any CPU = Debug|Any CPU
		Release|Any CPU = Release|Any CPU
	EndGlobalSection
	GlobalSection(ProjectConfigurationPlatforms) = postSolution
		{44EA2D80-0C49-4448-99F5-A7E315D5805D}.Debug|Any CPU.ActiveCfg = Debug|Any CPU
		{44EA2D80-0C49-4448-99F5-A7E315D5805D}.Debug|Any CPU.Build.0 = Debug|Any CPU
		{44EA2D80-0C49-4448-99F5-A7E315D5805D}.Release|Any CPU.ActiveCfg = Release|Any CPU
		{44EA2D80-0C49-4448-99F5-A7E315D5805D}.Release|Any CPU.Build.0 = Release|Any CPU
	EndGlobalSection
	GlobalSection(SolutionProperties) = preSolution
		HideSolutionNode = FALSE
	EndGlobalSection
	GlobalSection(ExtensibilityGlobals) = postSolution
		SolutionGuid = {C562B65A-69A7-4DCD-B116-14F8752869B3}
	EndGlobalSection
EndGlobal
